// !$*UTF8*$!
{
	archiveVersion = 1;
	classes = {
	};
	objectVersion = 48;
	objects = {

/* Begin PBXBuildFile section */
		6E26A2FF1F92D0E5008B6845 /* AppDelegate.swift in Sources */ = {isa = PBXBuildFile; fileRef = 6E26A2FE1F92D0E5008B6845 /* AppDelegate.swift */; };
		6E26A3011F92D0E5008B6845 /* ViewController.swift in Sources */ = {isa = PBXBuildFile; fileRef = 6E26A3001F92D0E5008B6845 /* ViewController.swift */; };
		6E26A3041F92D0E5008B6845 /* Main.storyboard in Resources */ = {isa = PBXBuildFile; fileRef = 6E26A3021F92D0E5008B6845 /* Main.storyboard */; };
		6E26A3061F92D0E5008B6845 /* Assets.xcassets in Resources */ = {isa = PBXBuildFile; fileRef = 6E26A3051F92D0E5008B6845 /* Assets.xcassets */; };
		6E26A3091F92D0E5008B6845 /* LaunchScreen.storyboard in Resources */ = {isa = PBXBuildFile; fileRef = 6E26A3071F92D0E5008B6845 /* LaunchScreen.storyboard */; };
		6E26A3141F92D0E5008B6845 /* Boozy_v2Tests.swift in Sources */ = {isa = PBXBuildFile; fileRef = 6E26A3131F92D0E5008B6845 /* Boozy_v2Tests.swift */; };
		6E26A31F1F92D0E5008B6845 /* Boozy_v2UITests.swift in Sources */ = {isa = PBXBuildFile; fileRef = 6E26A31E1F92D0E5008B6845 /* Boozy_v2UITests.swift */; };
		6E26A3241F92D0E5008B6845 /* Boozy v2 WatchKit App.app in Embed Watch Content */ = {isa = PBXBuildFile; fileRef = 6E26A3231F92D0E5008B6845 /* Boozy v2 WatchKit App.app */; };
		6E26A32A1F92D0E5008B6845 /* Interface.storyboard in Resources */ = {isa = PBXBuildFile; fileRef = 6E26A3281F92D0E5008B6845 /* Interface.storyboard */; };
		6E26A32C1F92D0E5008B6845 /* Assets.xcassets in Resources */ = {isa = PBXBuildFile; fileRef = 6E26A32B1F92D0E5008B6845 /* Assets.xcassets */; };
		6E26A3331F92D0E5008B6845 /* Boozy v2 WatchKit Extension.appex in Embed App Extensions */ = {isa = PBXBuildFile; fileRef = 6E26A3321F92D0E5008B6845 /* Boozy v2 WatchKit Extension.appex */; settings = {ATTRIBUTES = (RemoveHeadersOnCopy, ); }; };
		6E26A3381F92D0E5008B6845 /* InterfaceController.swift in Sources */ = {isa = PBXBuildFile; fileRef = 6E26A3371F92D0E5008B6845 /* InterfaceController.swift */; };
		6E26A33A1F92D0E5008B6845 /* ExtensionDelegate.swift in Sources */ = {isa = PBXBuildFile; fileRef = 6E26A3391F92D0E5008B6845 /* ExtensionDelegate.swift */; };
		6E26A33C1F92D0E5008B6845 /* NotificationController.swift in Sources */ = {isa = PBXBuildFile; fileRef = 6E26A33B1F92D0E5008B6845 /* NotificationController.swift */; };
		6E26A33E1F92D0E5008B6845 /* ComplicationController.swift in Sources */ = {isa = PBXBuildFile; fileRef = 6E26A33D1F92D0E5008B6845 /* ComplicationController.swift */; };
		6E26A3401F92D0E5008B6845 /* Assets.xcassets in Resources */ = {isa = PBXBuildFile; fileRef = 6E26A33F1F92D0E5008B6845 /* Assets.xcassets */; };
		6E26A3591F92E1DA008B6845 /* AgeInterfaceController.swift in Sources */ = {isa = PBXBuildFile; fileRef = 6E26A3581F92E1DA008B6845 /* AgeInterfaceController.swift */; };
		6E26A35B1F92EF9E008B6845 /* WeightInterfactController.swift in Sources */ = {isa = PBXBuildFile; fileRef = 6E26A35A1F92EF9E008B6845 /* WeightInterfactController.swift */; };
		6E55B5301F9AA8210069247B /* DrinkingExpInterfaceController.swift in Sources */ = {isa = PBXBuildFile; fileRef = 6E55B52F1F9AA8210069247B /* DrinkingExpInterfaceController.swift */; };
		6E74D1651F94047800F8ACAA /* DrinkInterfaceController.swift in Sources */ = {isa = PBXBuildFile; fileRef = 6E74D1641F94047800F8ACAA /* DrinkInterfaceController.swift */; };
		6EF2F7141F92FA6D004FA502 /* GenderInterfaceController.swift in Sources */ = {isa = PBXBuildFile; fileRef = 6EF2F7131F92FA6D004FA502 /* GenderInterfaceController.swift */; };
		6EF2F7181F9303DB004FA502 /* HeightInterfaceController.swift in Sources */ = {isa = PBXBuildFile; fileRef = 6EF2F7171F9303DB004FA502 /* HeightInterfaceController.swift */; };
/* End PBXBuildFile section */

/* Begin PBXContainerItemProxy section */
		6E26A3101F92D0E5008B6845 /* PBXContainerItemProxy */ = {
			isa = PBXContainerItemProxy;
			containerPortal = 6E26A2F31F92D0E5008B6845 /* Project object */;
			proxyType = 1;
			remoteGlobalIDString = 6E26A2FA1F92D0E5008B6845;
			remoteInfo = "Boozy v2";
		};
		6E26A31B1F92D0E5008B6845 /* PBXContainerItemProxy */ = {
			isa = PBXContainerItemProxy;
			containerPortal = 6E26A2F31F92D0E5008B6845 /* Project object */;
			proxyType = 1;
			remoteGlobalIDString = 6E26A2FA1F92D0E5008B6845;
			remoteInfo = "Boozy v2";
		};
		6E26A3251F92D0E5008B6845 /* PBXContainerItemProxy */ = {
			isa = PBXContainerItemProxy;
			containerPortal = 6E26A2F31F92D0E5008B6845 /* Project object */;
			proxyType = 1;
			remoteGlobalIDString = 6E26A3221F92D0E5008B6845;
			remoteInfo = "Boozy v2 WatchKit App";
		};
		6E26A3341F92D0E5008B6845 /* PBXContainerItemProxy */ = {
			isa = PBXContainerItemProxy;
			containerPortal = 6E26A2F31F92D0E5008B6845 /* Project object */;
			proxyType = 1;
			remoteGlobalIDString = 6E26A3311F92D0E5008B6845;
			remoteInfo = "Boozy v2 WatchKit Extension";
		};
/* End PBXContainerItemProxy section */

/* Begin PBXCopyFilesBuildPhase section */
		6E26A3481F92D0E5008B6845 /* Embed App Extensions */ = {
			isa = PBXCopyFilesBuildPhase;
			buildActionMask = 2147483647;
			dstPath = "";
			dstSubfolderSpec = 13;
			files = (
				6E26A3331F92D0E5008B6845 /* Boozy v2 WatchKit Extension.appex in Embed App Extensions */,
			);
			name = "Embed App Extensions";
			runOnlyForDeploymentPostprocessing = 0;
		};
		6E26A34C1F92D0E5008B6845 /* Embed Watch Content */ = {
			isa = PBXCopyFilesBuildPhase;
			buildActionMask = 2147483647;
			dstPath = "$(CONTENTS_FOLDER_PATH)/Watch";
			dstSubfolderSpec = 16;
			files = (
				6E26A3241F92D0E5008B6845 /* Boozy v2 WatchKit App.app in Embed Watch Content */,
			);
			name = "Embed Watch Content";
			runOnlyForDeploymentPostprocessing = 0;
		};
/* End PBXCopyFilesBuildPhase section */

/* Begin PBXFileReference section */
		6E26A2FB1F92D0E5008B6845 /* Boozy v2.app */ = {isa = PBXFileReference; explicitFileType = wrapper.application; includeInIndex = 0; path = "Boozy v2.app"; sourceTree = BUILT_PRODUCTS_DIR; };
		6E26A2FE1F92D0E5008B6845 /* AppDelegate.swift */ = {isa = PBXFileReference; lastKnownFileType = sourcecode.swift; path = AppDelegate.swift; sourceTree = "<group>"; };
		6E26A3001F92D0E5008B6845 /* ViewController.swift */ = {isa = PBXFileReference; lastKnownFileType = sourcecode.swift; path = ViewController.swift; sourceTree = "<group>"; };
		6E26A3031F92D0E5008B6845 /* Base */ = {isa = PBXFileReference; lastKnownFileType = file.storyboard; name = Base; path = Base.lproj/Main.storyboard; sourceTree = "<group>"; };
		6E26A3051F92D0E5008B6845 /* Assets.xcassets */ = {isa = PBXFileReference; lastKnownFileType = folder.assetcatalog; path = Assets.xcassets; sourceTree = "<group>"; };
		6E26A3081F92D0E5008B6845 /* Base */ = {isa = PBXFileReference; lastKnownFileType = file.storyboard; name = Base; path = Base.lproj/LaunchScreen.storyboard; sourceTree = "<group>"; };
		6E26A30A1F92D0E5008B6845 /* Info.plist */ = {isa = PBXFileReference; lastKnownFileType = text.plist.xml; path = Info.plist; sourceTree = "<group>"; };
		6E26A30F1F92D0E5008B6845 /* Boozy v2Tests.xctest */ = {isa = PBXFileReference; explicitFileType = wrapper.cfbundle; includeInIndex = 0; path = "Boozy v2Tests.xctest"; sourceTree = BUILT_PRODUCTS_DIR; };
		6E26A3131F92D0E5008B6845 /* Boozy_v2Tests.swift */ = {isa = PBXFileReference; lastKnownFileType = sourcecode.swift; path = Boozy_v2Tests.swift; sourceTree = "<group>"; };
		6E26A3151F92D0E5008B6845 /* Info.plist */ = {isa = PBXFileReference; lastKnownFileType = text.plist.xml; path = Info.plist; sourceTree = "<group>"; };
		6E26A31A1F92D0E5008B6845 /* Boozy v2UITests.xctest */ = {isa = PBXFileReference; explicitFileType = wrapper.cfbundle; includeInIndex = 0; path = "Boozy v2UITests.xctest"; sourceTree = BUILT_PRODUCTS_DIR; };
		6E26A31E1F92D0E5008B6845 /* Boozy_v2UITests.swift */ = {isa = PBXFileReference; lastKnownFileType = sourcecode.swift; path = Boozy_v2UITests.swift; sourceTree = "<group>"; };
		6E26A3201F92D0E5008B6845 /* Info.plist */ = {isa = PBXFileReference; lastKnownFileType = text.plist.xml; path = Info.plist; sourceTree = "<group>"; };
		6E26A3231F92D0E5008B6845 /* Boozy v2 WatchKit App.app */ = {isa = PBXFileReference; explicitFileType = wrapper.application; includeInIndex = 0; path = "Boozy v2 WatchKit App.app"; sourceTree = BUILT_PRODUCTS_DIR; };
		6E26A3291F92D0E5008B6845 /* Base */ = {isa = PBXFileReference; lastKnownFileType = file.storyboard; name = Base; path = Base.lproj/Interface.storyboard; sourceTree = "<group>"; };
		6E26A32B1F92D0E5008B6845 /* Assets.xcassets */ = {isa = PBXFileReference; lastKnownFileType = folder.assetcatalog; path = Assets.xcassets; sourceTree = "<group>"; };
		6E26A32D1F92D0E5008B6845 /* Info.plist */ = {isa = PBXFileReference; lastKnownFileType = text.plist.xml; path = Info.plist; sourceTree = "<group>"; };
		6E26A3321F92D0E5008B6845 /* Boozy v2 WatchKit Extension.appex */ = {isa = PBXFileReference; explicitFileType = "wrapper.app-extension"; includeInIndex = 0; path = "Boozy v2 WatchKit Extension.appex"; sourceTree = BUILT_PRODUCTS_DIR; };
		6E26A3371F92D0E5008B6845 /* InterfaceController.swift */ = {isa = PBXFileReference; lastKnownFileType = sourcecode.swift; path = InterfaceController.swift; sourceTree = "<group>"; };
		6E26A3391F92D0E5008B6845 /* ExtensionDelegate.swift */ = {isa = PBXFileReference; lastKnownFileType = sourcecode.swift; path = ExtensionDelegate.swift; sourceTree = "<group>"; };
		6E26A33B1F92D0E5008B6845 /* NotificationController.swift */ = {isa = PBXFileReference; lastKnownFileType = sourcecode.swift; path = NotificationController.swift; sourceTree = "<group>"; };
		6E26A33D1F92D0E5008B6845 /* ComplicationController.swift */ = {isa = PBXFileReference; lastKnownFileType = sourcecode.swift; path = ComplicationController.swift; sourceTree = "<group>"; };
		6E26A33F1F92D0E5008B6845 /* Assets.xcassets */ = {isa = PBXFileReference; lastKnownFileType = folder.assetcatalog; path = Assets.xcassets; sourceTree = "<group>"; };
		6E26A3411F92D0E5008B6845 /* Info.plist */ = {isa = PBXFileReference; lastKnownFileType = text.plist.xml; path = Info.plist; sourceTree = "<group>"; };
		6E26A3421F92D0E5008B6845 /* PushNotificationPayload.apns */ = {isa = PBXFileReference; lastKnownFileType = text; path = PushNotificationPayload.apns; sourceTree = "<group>"; };
		6E26A3581F92E1DA008B6845 /* AgeInterfaceController.swift */ = {isa = PBXFileReference; lastKnownFileType = sourcecode.swift; path = AgeInterfaceController.swift; sourceTree = "<group>"; };
		6E26A35A1F92EF9E008B6845 /* WeightInterfactController.swift */ = {isa = PBXFileReference; lastKnownFileType = sourcecode.swift; path = WeightInterfactController.swift; sourceTree = "<group>"; };
		6E55B52F1F9AA8210069247B /* DrinkingExpInterfaceController.swift */ = {isa = PBXFileReference; lastKnownFileType = sourcecode.swift; path = DrinkingExpInterfaceController.swift; sourceTree = "<group>"; };
		6E74D1641F94047800F8ACAA /* DrinkInterfaceController.swift */ = {isa = PBXFileReference; lastKnownFileType = sourcecode.swift; path = DrinkInterfaceController.swift; sourceTree = "<group>"; };
		6EF2F7131F92FA6D004FA502 /* GenderInterfaceController.swift */ = {isa = PBXFileReference; lastKnownFileType = sourcecode.swift; path = GenderInterfaceController.swift; sourceTree = "<group>"; };
		6EF2F7171F9303DB004FA502 /* HeightInterfaceController.swift */ = {isa = PBXFileReference; lastKnownFileType = sourcecode.swift; path = HeightInterfaceController.swift; sourceTree = "<group>"; };
/* End PBXFileReference section */

/* Begin PBXFrameworksBuildPhase section */
		6E26A2F81F92D0E5008B6845 /* Frameworks */ = {
			isa = PBXFrameworksBuildPhase;
			buildActionMask = 2147483647;
			files = (
			);
			runOnlyForDeploymentPostprocessing = 0;
		};
		6E26A30C1F92D0E5008B6845 /* Frameworks */ = {
			isa = PBXFrameworksBuildPhase;
			buildActionMask = 2147483647;
			files = (
			);
			runOnlyForDeploymentPostprocessing = 0;
		};
		6E26A3171F92D0E5008B6845 /* Frameworks */ = {
			isa = PBXFrameworksBuildPhase;
			buildActionMask = 2147483647;
			files = (
			);
			runOnlyForDeploymentPostprocessing = 0;
		};
		6E26A32F1F92D0E5008B6845 /* Frameworks */ = {
			isa = PBXFrameworksBuildPhase;
			buildActionMask = 2147483647;
			files = (
			);
			runOnlyForDeploymentPostprocessing = 0;
		};
/* End PBXFrameworksBuildPhase section */

/* Begin PBXGroup section */
		6E26A2F21F92D0E5008B6845 = {
			isa = PBXGroup;
			children = (
				6E26A2FD1F92D0E5008B6845 /* Boozy v2 */,
				6E26A3121F92D0E5008B6845 /* Boozy v2Tests */,
				6E26A31D1F92D0E5008B6845 /* Boozy v2UITests */,
				6E26A3271F92D0E5008B6845 /* Boozy v2 WatchKit App */,
				6E26A3361F92D0E5008B6845 /* Boozy v2 WatchKit Extension */,
				6E26A2FC1F92D0E5008B6845 /* Products */,
			);
			sourceTree = "<group>";
		};
		6E26A2FC1F92D0E5008B6845 /* Products */ = {
			isa = PBXGroup;
			children = (
				6E26A2FB1F92D0E5008B6845 /* Boozy v2.app */,
				6E26A30F1F92D0E5008B6845 /* Boozy v2Tests.xctest */,
				6E26A31A1F92D0E5008B6845 /* Boozy v2UITests.xctest */,
				6E26A3231F92D0E5008B6845 /* Boozy v2 WatchKit App.app */,
				6E26A3321F92D0E5008B6845 /* Boozy v2 WatchKit Extension.appex */,
			);
			name = Products;
			sourceTree = "<group>";
		};
		6E26A2FD1F92D0E5008B6845 /* Boozy v2 */ = {
			isa = PBXGroup;
			children = (
				6E26A2FE1F92D0E5008B6845 /* AppDelegate.swift */,
				6E26A3001F92D0E5008B6845 /* ViewController.swift */,
				6E26A3021F92D0E5008B6845 /* Main.storyboard */,
				6E26A3051F92D0E5008B6845 /* Assets.xcassets */,
				6E26A3071F92D0E5008B6845 /* LaunchScreen.storyboard */,
				6E26A30A1F92D0E5008B6845 /* Info.plist */,
			);
			path = "Boozy v2";
			sourceTree = "<group>";
		};
		6E26A3121F92D0E5008B6845 /* Boozy v2Tests */ = {
			isa = PBXGroup;
			children = (
				6E26A3131F92D0E5008B6845 /* Boozy_v2Tests.swift */,
				6E26A3151F92D0E5008B6845 /* Info.plist */,
			);
			path = "Boozy v2Tests";
			sourceTree = "<group>";
		};
		6E26A31D1F92D0E5008B6845 /* Boozy v2UITests */ = {
			isa = PBXGroup;
			children = (
				6E26A31E1F92D0E5008B6845 /* Boozy_v2UITests.swift */,
				6E26A3201F92D0E5008B6845 /* Info.plist */,
			);
			path = "Boozy v2UITests";
			sourceTree = "<group>";
		};
		6E26A3271F92D0E5008B6845 /* Boozy v2 WatchKit App */ = {
			isa = PBXGroup;
			children = (
				6E26A3281F92D0E5008B6845 /* Interface.storyboard */,
				6E26A32B1F92D0E5008B6845 /* Assets.xcassets */,
				6E26A32D1F92D0E5008B6845 /* Info.plist */,
			);
			path = "Boozy v2 WatchKit App";
			sourceTree = "<group>";
		};
		6E26A3361F92D0E5008B6845 /* Boozy v2 WatchKit Extension */ = {
			isa = PBXGroup;
			children = (
				6E26A3371F92D0E5008B6845 /* InterfaceController.swift */,
				6E26A3391F92D0E5008B6845 /* ExtensionDelegate.swift */,
				6E26A33B1F92D0E5008B6845 /* NotificationController.swift */,
				6E26A33D1F92D0E5008B6845 /* ComplicationController.swift */,
				6E26A33F1F92D0E5008B6845 /* Assets.xcassets */,
				6E26A3411F92D0E5008B6845 /* Info.plist */,
				6E26A3421F92D0E5008B6845 /* PushNotificationPayload.apns */,
				6E26A3581F92E1DA008B6845 /* AgeInterfaceController.swift */,
				6E26A35A1F92EF9E008B6845 /* WeightInterfactController.swift */,
				6EF2F7131F92FA6D004FA502 /* GenderInterfaceController.swift */,
				6EF2F7171F9303DB004FA502 /* HeightInterfaceController.swift */,
				6E74D1641F94047800F8ACAA /* DrinkInterfaceController.swift */,
				6E55B52F1F9AA8210069247B /* DrinkingExpInterfaceController.swift */,
			);
			path = "Boozy v2 WatchKit Extension";
			sourceTree = "<group>";
		};
/* End PBXGroup section */

/* Begin PBXNativeTarget section */
		6E26A2FA1F92D0E5008B6845 /* Boozy v2 */ = {
			isa = PBXNativeTarget;
			buildConfigurationList = 6E26A34D1F92D0E5008B6845 /* Build configuration list for PBXNativeTarget "Boozy v2" */;
			buildPhases = (
				6E26A2F71F92D0E5008B6845 /* Sources */,
				6E26A2F81F92D0E5008B6845 /* Frameworks */,
				6E26A2F91F92D0E5008B6845 /* Resources */,
				6E26A34C1F92D0E5008B6845 /* Embed Watch Content */,
			);
			buildRules = (
			);
			dependencies = (
				6E26A3261F92D0E5008B6845 /* PBXTargetDependency */,
			);
			name = "Boozy v2";
			productName = "Boozy v2";
			productReference = 6E26A2FB1F92D0E5008B6845 /* Boozy v2.app */;
			productType = "com.apple.product-type.application";
		};
		6E26A30E1F92D0E5008B6845 /* Boozy v2Tests */ = {
			isa = PBXNativeTarget;
			buildConfigurationList = 6E26A3501F92D0E5008B6845 /* Build configuration list for PBXNativeTarget "Boozy v2Tests" */;
			buildPhases = (
				6E26A30B1F92D0E5008B6845 /* Sources */,
				6E26A30C1F92D0E5008B6845 /* Frameworks */,
				6E26A30D1F92D0E5008B6845 /* Resources */,
			);
			buildRules = (
			);
			dependencies = (
				6E26A3111F92D0E5008B6845 /* PBXTargetDependency */,
			);
			name = "Boozy v2Tests";
			productName = "Boozy v2Tests";
			productReference = 6E26A30F1F92D0E5008B6845 /* Boozy v2Tests.xctest */;
			productType = "com.apple.product-type.bundle.unit-test";
		};
		6E26A3191F92D0E5008B6845 /* Boozy v2UITests */ = {
			isa = PBXNativeTarget;
			buildConfigurationList = 6E26A3531F92D0E5008B6845 /* Build configuration list for PBXNativeTarget "Boozy v2UITests" */;
			buildPhases = (
				6E26A3161F92D0E5008B6845 /* Sources */,
				6E26A3171F92D0E5008B6845 /* Frameworks */,
				6E26A3181F92D0E5008B6845 /* Resources */,
			);
			buildRules = (
			);
			dependencies = (
				6E26A31C1F92D0E5008B6845 /* PBXTargetDependency */,
			);
			name = "Boozy v2UITests";
			productName = "Boozy v2UITests";
			productReference = 6E26A31A1F92D0E5008B6845 /* Boozy v2UITests.xctest */;
			productType = "com.apple.product-type.bundle.ui-testing";
		};
		6E26A3221F92D0E5008B6845 /* Boozy v2 WatchKit App */ = {
			isa = PBXNativeTarget;
			buildConfigurationList = 6E26A3491F92D0E5008B6845 /* Build configuration list for PBXNativeTarget "Boozy v2 WatchKit App" */;
			buildPhases = (
				6E26A3211F92D0E5008B6845 /* Resources */,
				6E26A3481F92D0E5008B6845 /* Embed App Extensions */,
			);
			buildRules = (
			);
			dependencies = (
				6E26A3351F92D0E5008B6845 /* PBXTargetDependency */,
			);
			name = "Boozy v2 WatchKit App";
			productName = "Boozy v2 WatchKit App";
			productReference = 6E26A3231F92D0E5008B6845 /* Boozy v2 WatchKit App.app */;
			productType = "com.apple.product-type.application.watchapp2";
		};
		6E26A3311F92D0E5008B6845 /* Boozy v2 WatchKit Extension */ = {
			isa = PBXNativeTarget;
			buildConfigurationList = 6E26A3451F92D0E5008B6845 /* Build configuration list for PBXNativeTarget "Boozy v2 WatchKit Extension" */;
			buildPhases = (
				6E26A32E1F92D0E5008B6845 /* Sources */,
				6E26A32F1F92D0E5008B6845 /* Frameworks */,
				6E26A3301F92D0E5008B6845 /* Resources */,
			);
			buildRules = (
			);
			dependencies = (
			);
			name = "Boozy v2 WatchKit Extension";
			productName = "Boozy v2 WatchKit Extension";
			productReference = 6E26A3321F92D0E5008B6845 /* Boozy v2 WatchKit Extension.appex */;
			productType = "com.apple.product-type.watchkit2-extension";
		};
/* End PBXNativeTarget section */

/* Begin PBXProject section */
		6E26A2F31F92D0E5008B6845 /* Project object */ = {
			isa = PBXProject;
			attributes = {
				LastSwiftUpdateCheck = 0900;
				LastUpgradeCheck = 0900;
				ORGANIZATIONNAME = "Austin Harshberger";
				TargetAttributes = {
					6E26A2FA1F92D0E5008B6845 = {
						CreatedOnToolsVersion = 9.0;
						ProvisioningStyle = Automatic;
					};
					6E26A30E1F92D0E5008B6845 = {
						CreatedOnToolsVersion = 9.0;
						ProvisioningStyle = Automatic;
						TestTargetID = 6E26A2FA1F92D0E5008B6845;
					};
					6E26A3191F92D0E5008B6845 = {
						CreatedOnToolsVersion = 9.0;
						ProvisioningStyle = Automatic;
						TestTargetID = 6E26A2FA1F92D0E5008B6845;
					};
					6E26A3221F92D0E5008B6845 = {
						CreatedOnToolsVersion = 9.0;
						LastSwiftMigration = 0900;
						ProvisioningStyle = Automatic;
					};
					6E26A3311F92D0E5008B6845 = {
						CreatedOnToolsVersion = 9.0;
						ProvisioningStyle = Automatic;
					};
				};
			};
			buildConfigurationList = 6E26A2F61F92D0E5008B6845 /* Build configuration list for PBXProject "Boozy v2" */;
			compatibilityVersion = "Xcode 8.0";
			developmentRegion = en;
			hasScannedForEncodings = 0;
			knownRegions = (
				en,
				Base,
			);
			mainGroup = 6E26A2F21F92D0E5008B6845;
			productRefGroup = 6E26A2FC1F92D0E5008B6845 /* Products */;
			projectDirPath = "";
			projectRoot = "";
			targets = (
				6E26A2FA1F92D0E5008B6845 /* Boozy v2 */,
				6E26A30E1F92D0E5008B6845 /* Boozy v2Tests */,
				6E26A3191F92D0E5008B6845 /* Boozy v2UITests */,
				6E26A3221F92D0E5008B6845 /* Boozy v2 WatchKit App */,
				6E26A3311F92D0E5008B6845 /* Boozy v2 WatchKit Extension */,
			);
		};
/* End PBXProject section */

/* Begin PBXResourcesBuildPhase section */
		6E26A2F91F92D0E5008B6845 /* Resources */ = {
			isa = PBXResourcesBuildPhase;
			buildActionMask = 2147483647;
			files = (
				6E26A3091F92D0E5008B6845 /* LaunchScreen.storyboard in Resources */,
				6E26A3061F92D0E5008B6845 /* Assets.xcassets in Resources */,
				6E26A3041F92D0E5008B6845 /* Main.storyboard in Resources */,
			);
			runOnlyForDeploymentPostprocessing = 0;
		};
		6E26A30D1F92D0E5008B6845 /* Resources */ = {
			isa = PBXResourcesBuildPhase;
			buildActionMask = 2147483647;
			files = (
			);
			runOnlyForDeploymentPostprocessing = 0;
		};
		6E26A3181F92D0E5008B6845 /* Resources */ = {
			isa = PBXResourcesBuildPhase;
			buildActionMask = 2147483647;
			files = (
			);
			runOnlyForDeploymentPostprocessing = 0;
		};
		6E26A3211F92D0E5008B6845 /* Resources */ = {
			isa = PBXResourcesBuildPhase;
			buildActionMask = 2147483647;
			files = (
				6E26A32C1F92D0E5008B6845 /* Assets.xcassets in Resources */,
				6E26A32A1F92D0E5008B6845 /* Interface.storyboard in Resources */,
			);
			runOnlyForDeploymentPostprocessing = 0;
		};
		6E26A3301F92D0E5008B6845 /* Resources */ = {
			isa = PBXResourcesBuildPhase;
			buildActionMask = 2147483647;
			files = (
				6E26A3401F92D0E5008B6845 /* Assets.xcassets in Resources */,
			);
			runOnlyForDeploymentPostprocessing = 0;
		};
/* End PBXResourcesBuildPhase section */

/* Begin PBXSourcesBuildPhase section */
		6E26A2F71F92D0E5008B6845 /* Sources */ = {
			isa = PBXSourcesBuildPhase;
			buildActionMask = 2147483647;
			files = (
				6E26A3011F92D0E5008B6845 /* ViewController.swift in Sources */,
				6E26A2FF1F92D0E5008B6845 /* AppDelegate.swift in Sources */,
			);
			runOnlyForDeploymentPostprocessing = 0;
		};
		6E26A30B1F92D0E5008B6845 /* Sources */ = {
			isa = PBXSourcesBuildPhase;
			buildActionMask = 2147483647;
			files = (
				6E26A3141F92D0E5008B6845 /* Boozy_v2Tests.swift in Sources */,
			);
			runOnlyForDeploymentPostprocessing = 0;
		};
		6E26A3161F92D0E5008B6845 /* Sources */ = {
			isa = PBXSourcesBuildPhase;
			buildActionMask = 2147483647;
			files = (
				6E26A31F1F92D0E5008B6845 /* Boozy_v2UITests.swift in Sources */,
			);
			runOnlyForDeploymentPostprocessing = 0;
		};
		6E26A32E1F92D0E5008B6845 /* Sources */ = {
			isa = PBXSourcesBuildPhase;
			buildActionMask = 2147483647;
			files = (
				6E74D1651F94047800F8ACAA /* DrinkInterfaceController.swift in Sources */,
				6EF2F7181F9303DB004FA502 /* HeightInterfaceController.swift in Sources */,
				6E26A33C1F92D0E5008B6845 /* NotificationController.swift in Sources */,
				6E26A33E1F92D0E5008B6845 /* ComplicationController.swift in Sources */,
				6E26A35B1F92EF9E008B6845 /* WeightInterfactController.swift in Sources */,
				6E26A33A1F92D0E5008B6845 /* ExtensionDelegate.swift in Sources */,
				6EF2F7141F92FA6D004FA502 /* GenderInterfaceController.swift in Sources */,
				6E55B5301F9AA8210069247B /* DrinkingExpInterfaceController.swift in Sources */,
				6E26A3591F92E1DA008B6845 /* AgeInterfaceController.swift in Sources */,
				6E26A3381F92D0E5008B6845 /* InterfaceController.swift in Sources */,
			);
			runOnlyForDeploymentPostprocessing = 0;
		};
/* End PBXSourcesBuildPhase section */

/* Begin PBXTargetDependency section */
		6E26A3111F92D0E5008B6845 /* PBXTargetDependency */ = {
			isa = PBXTargetDependency;
			target = 6E26A2FA1F92D0E5008B6845 /* Boozy v2 */;
			targetProxy = 6E26A3101F92D0E5008B6845 /* PBXContainerItemProxy */;
		};
		6E26A31C1F92D0E5008B6845 /* PBXTargetDependency */ = {
			isa = PBXTargetDependency;
			target = 6E26A2FA1F92D0E5008B6845 /* Boozy v2 */;
			targetProxy = 6E26A31B1F92D0E5008B6845 /* PBXContainerItemProxy */;
		};
		6E26A3261F92D0E5008B6845 /* PBXTargetDependency */ = {
			isa = PBXTargetDependency;
			target = 6E26A3221F92D0E5008B6845 /* Boozy v2 WatchKit App */;
			targetProxy = 6E26A3251F92D0E5008B6845 /* PBXContainerItemProxy */;
		};
		6E26A3351F92D0E5008B6845 /* PBXTargetDependency */ = {
			isa = PBXTargetDependency;
			target = 6E26A3311F92D0E5008B6845 /* Boozy v2 WatchKit Extension */;
			targetProxy = 6E26A3341F92D0E5008B6845 /* PBXContainerItemProxy */;
		};
/* End PBXTargetDependency section */

/* Begin PBXVariantGroup section */
		6E26A3021F92D0E5008B6845 /* Main.storyboard */ = {
			isa = PBXVariantGroup;
			children = (
				6E26A3031F92D0E5008B6845 /* Base */,
			);
			name = Main.storyboard;
			sourceTree = "<group>";
		};
		6E26A3071F92D0E5008B6845 /* LaunchScreen.storyboard */ = {
			isa = PBXVariantGroup;
			children = (
				6E26A3081F92D0E5008B6845 /* Base */,
			);
			name = LaunchScreen.storyboard;
			sourceTree = "<group>";
		};
		6E26A3281F92D0E5008B6845 /* Interface.storyboard */ = {
			isa = PBXVariantGroup;
			children = (
				6E26A3291F92D0E5008B6845 /* Base */,
			);
			name = Interface.storyboard;
			sourceTree = "<group>";
		};
/* End PBXVariantGroup section */

/* Begin XCBuildConfiguration section */
		6E26A3431F92D0E5008B6845 /* Debug */ = {
			isa = XCBuildConfiguration;
			buildSettings = {
				ALWAYS_SEARCH_USER_PATHS = NO;
				CLANG_ANALYZER_NONNULL = YES;
				CLANG_ANALYZER_NUMBER_OBJECT_CONVERSION = YES_AGGRESSIVE;
				CLANG_CXX_LANGUAGE_STANDARD = "gnu++14";
				CLANG_CXX_LIBRARY = "libc++";
				CLANG_ENABLE_MODULES = YES;
				CLANG_ENABLE_OBJC_ARC = YES;
				CLANG_WARN_BLOCK_CAPTURE_AUTORELEASING = YES;
				CLANG_WARN_BOOL_CONVERSION = YES;
				CLANG_WARN_COMMA = YES;
				CLANG_WARN_CONSTANT_CONVERSION = YES;
				CLANG_WARN_DIRECT_OBJC_ISA_USAGE = YES_ERROR;
				CLANG_WARN_DOCUMENTATION_COMMENTS = YES;
				CLANG_WARN_EMPTY_BODY = YES;
				CLANG_WARN_ENUM_CONVERSION = YES;
				CLANG_WARN_INFINITE_RECURSION = YES;
				CLANG_WARN_INT_CONVERSION = YES;
				CLANG_WARN_NON_LITERAL_NULL_CONVERSION = YES;
				CLANG_WARN_OBJC_LITERAL_CONVERSION = YES;
				CLANG_WARN_OBJC_ROOT_CLASS = YES_ERROR;
				CLANG_WARN_RANGE_LOOP_ANALYSIS = YES;
				CLANG_WARN_STRICT_PROTOTYPES = YES;
				CLANG_WARN_SUSPICIOUS_MOVE = YES;
				CLANG_WARN_UNGUARDED_AVAILABILITY = YES_AGGRESSIVE;
				CLANG_WARN_UNREACHABLE_CODE = YES;
				CLANG_WARN__DUPLICATE_METHOD_MATCH = YES;
				CODE_SIGN_IDENTITY = "iPhone Developer";
				COPY_PHASE_STRIP = NO;
				DEBUG_INFORMATION_FORMAT = dwarf;
				ENABLE_STRICT_OBJC_MSGSEND = YES;
				ENABLE_TESTABILITY = YES;
				GCC_C_LANGUAGE_STANDARD = gnu11;
				GCC_DYNAMIC_NO_PIC = NO;
				GCC_NO_COMMON_BLOCKS = YES;
				GCC_OPTIMIZATION_LEVEL = 0;
				GCC_PREPROCESSOR_DEFINITIONS = (
					"DEBUG=1",
					"$(inherited)",
				);
				GCC_WARN_64_TO_32_BIT_CONVERSION = YES;
				GCC_WARN_ABOUT_RETURN_TYPE = YES_ERROR;
				GCC_WARN_UNDECLARED_SELECTOR = YES;
				GCC_WARN_UNINITIALIZED_AUTOS = YES_AGGRESSIVE;
				GCC_WARN_UNUSED_FUNCTION = YES;
				GCC_WARN_UNUSED_VARIABLE = YES;
				IPHONEOS_DEPLOYMENT_TARGET = 11.0;
				MTL_ENABLE_DEBUG_INFO = YES;
				ONLY_ACTIVE_ARCH = YES;
				SDKROOT = iphoneos;
				SWIFT_ACTIVE_COMPILATION_CONDITIONS = DEBUG;
				SWIFT_OPTIMIZATION_LEVEL = "-Onone";
			};
			name = Debug;
		};
		6E26A3441F92D0E5008B6845 /* Release */ = {
			isa = XCBuildConfiguration;
			buildSettings = {
				ALWAYS_SEARCH_USER_PATHS = NO;
				CLANG_ANALYZER_NONNULL = YES;
				CLANG_ANALYZER_NUMBER_OBJECT_CONVERSION = YES_AGGRESSIVE;
				CLANG_CXX_LANGUAGE_STANDARD = "gnu++14";
				CLANG_CXX_LIBRARY = "libc++";
				CLANG_ENABLE_MODULES = YES;
				CLANG_ENABLE_OBJC_ARC = YES;
				CLANG_WARN_BLOCK_CAPTURE_AUTORELEASING = YES;
				CLANG_WARN_BOOL_CONVERSION = YES;
				CLANG_WARN_COMMA = YES;
				CLANG_WARN_CONSTANT_CONVERSION = YES;
				CLANG_WARN_DIRECT_OBJC_ISA_USAGE = YES_ERROR;
				CLANG_WARN_DOCUMENTATION_COMMENTS = YES;
				CLANG_WARN_EMPTY_BODY = YES;
				CLANG_WARN_ENUM_CONVERSION = YES;
				CLANG_WARN_INFINITE_RECURSION = YES;
				CLANG_WARN_INT_CONVERSION = YES;
				CLANG_WARN_NON_LITERAL_NULL_CONVERSION = YES;
				CLANG_WARN_OBJC_LITERAL_CONVERSION = YES;
				CLANG_WARN_OBJC_ROOT_CLASS = YES_ERROR;
				CLANG_WARN_RANGE_LOOP_ANALYSIS = YES;
				CLANG_WARN_STRICT_PROTOTYPES = YES;
				CLANG_WARN_SUSPICIOUS_MOVE = YES;
				CLANG_WARN_UNGUARDED_AVAILABILITY = YES_AGGRESSIVE;
				CLANG_WARN_UNREACHABLE_CODE = YES;
				CLANG_WARN__DUPLICATE_METHOD_MATCH = YES;
				CODE_SIGN_IDENTITY = "iPhone Developer";
				COPY_PHASE_STRIP = NO;
				DEBUG_INFORMATION_FORMAT = "dwarf-with-dsym";
				ENABLE_NS_ASSERTIONS = NO;
				ENABLE_STRICT_OBJC_MSGSEND = YES;
				GCC_C_LANGUAGE_STANDARD = gnu11;
				GCC_NO_COMMON_BLOCKS = YES;
				GCC_WARN_64_TO_32_BIT_CONVERSION = YES;
				GCC_WARN_ABOUT_RETURN_TYPE = YES_ERROR;
				GCC_WARN_UNDECLARED_SELECTOR = YES;
				GCC_WARN_UNINITIALIZED_AUTOS = YES_AGGRESSIVE;
				GCC_WARN_UNUSED_FUNCTION = YES;
				GCC_WARN_UNUSED_VARIABLE = YES;
				IPHONEOS_DEPLOYMENT_TARGET = 11.0;
				MTL_ENABLE_DEBUG_INFO = NO;
				SDKROOT = iphoneos;
				SWIFT_OPTIMIZATION_LEVEL = "-Owholemodule";
				VALIDATE_PRODUCT = YES;
			};
			name = Release;
		};
		6E26A3461F92D0E5008B6845 /* Debug */ = {
			isa = XCBuildConfiguration;
			buildSettings = {
				ASSETCATALOG_COMPILER_COMPLICATION_NAME = Complication;
				CODE_SIGN_STYLE = Automatic;
				DEVELOPMENT_TEAM = F869869292;
				INFOPLIST_FILE = "Boozy v2 WatchKit Extension/Info.plist";
				LD_RUNPATH_SEARCH_PATHS = "$(inherited) @executable_path/Frameworks @executable_path/../../Frameworks";
				PRODUCT_BUNDLE_IDENTIFIER = "com.madjaba.ashapps.Boozy-v2.watchkitapp.watchkitextension";
				PRODUCT_NAME = "${TARGET_NAME}";
				SDKROOT = watchos;
				SKIP_INSTALL = YES;
				SWIFT_VERSION = 4.0;
				TARGETED_DEVICE_FAMILY = 4;
				WATCHOS_DEPLOYMENT_TARGET = 4.0;
			};
			name = Debug;
		};
		6E26A3471F92D0E5008B6845 /* Release */ = {
			isa = XCBuildConfiguration;
			buildSettings = {
				ASSETCATALOG_COMPILER_COMPLICATION_NAME = Complication;
				CODE_SIGN_STYLE = Automatic;
				DEVELOPMENT_TEAM = F869869292;
				INFOPLIST_FILE = "Boozy v2 WatchKit Extension/Info.plist";
				LD_RUNPATH_SEARCH_PATHS = "$(inherited) @executable_path/Frameworks @executable_path/../../Frameworks";
				PRODUCT_BUNDLE_IDENTIFIER = "com.madjaba.ashapps.Boozy-v2.watchkitapp.watchkitextension";
				PRODUCT_NAME = "${TARGET_NAME}";
				SDKROOT = watchos;
				SKIP_INSTALL = YES;
				SWIFT_VERSION = 4.0;
				TARGETED_DEVICE_FAMILY = 4;
				WATCHOS_DEPLOYMENT_TARGET = 4.0;
			};
			name = Release;
		};
		6E26A34A1F92D0E5008B6845 /* Debug */ = {
			isa = XCBuildConfiguration;
			buildSettings = {
				ALWAYS_EMBED_SWIFT_STANDARD_LIBRARIES = YES;
				ASSETCATALOG_COMPILER_APPICON_NAME = AppIcon;
				CLANG_ENABLE_MODULES = YES;
				CODE_SIGN_STYLE = Automatic;
				DEVELOPMENT_TEAM = F869869292;
				IBSC_MODULE = Boozy_v2_WatchKit_Extension;
				INFOPLIST_FILE = "Boozy v2 WatchKit App/Info.plist";
				LD_RUNPATH_SEARCH_PATHS = "$(inherited) @executable_path/../Frameworks @loader_path/../Frameworks";
				PRODUCT_BUNDLE_IDENTIFIER = "com.madjaba.ashapps.Boozy-v2.watchkitapp";
				PRODUCT_NAME = "$(TARGET_NAME)";
				SDKROOT = watchos;
				SKIP_INSTALL = YES;
				SWIFT_OBJC_BRIDGING_HEADER = "Boozy v2 WatchKit App/Boozy v2 WatchKit App-Bridging-Header.h";
				SWIFT_OPTIMIZATION_LEVEL = "-Onone";
				SWIFT_VERSION = 4.0;
				TARGETED_DEVICE_FAMILY = 4;
				WATCHOS_DEPLOYMENT_TARGET = 4.0;
			};
			name = Debug;
		};
		6E26A34B1F92D0E5008B6845 /* Release */ = {
			isa = XCBuildConfiguration;
			buildSettings = {
				ALWAYS_EMBED_SWIFT_STANDARD_LIBRARIES = YES;
				ASSETCATALOG_COMPILER_APPICON_NAME = AppIcon;
				CLANG_ENABLE_MODULES = YES;
				CODE_SIGN_STYLE = Automatic;
				DEVELOPMENT_TEAM = F869869292;
				IBSC_MODULE = Boozy_v2_WatchKit_Extension;
				INFOPLIST_FILE = "Boozy v2 WatchKit App/Info.plist";
				LD_RUNPATH_SEARCH_PATHS = "$(inherited) @executable_path/../Frameworks @loader_path/../Frameworks";
				PRODUCT_BUNDLE_IDENTIFIER = "com.madjaba.ashapps.Boozy-v2.watchkitapp";
				PRODUCT_NAME = "$(TARGET_NAME)";
				SDKROOT = watchos;
				SKIP_INSTALL = YES;
				SWIFT_OBJC_BRIDGING_HEADER = "Boozy v2 WatchKit App/Boozy v2 WatchKit App-Bridging-Header.h";
				SWIFT_VERSION = 4.0;
				TARGETED_DEVICE_FAMILY = 4;
				WATCHOS_DEPLOYMENT_TARGET = 4.0;
			};
			name = Release;
		};
		6E26A34E1F92D0E5008B6845 /* Debug */ = {
			isa = XCBuildConfiguration;
			buildSettings = {
				ASSETCATALOG_COMPILER_APPICON_NAME = AppIcon;
				CODE_SIGN_STYLE = Automatic;
				DEVELOPMENT_TEAM = F869869292;
				INFOPLIST_FILE = "Boozy v2/Info.plist";
				LD_RUNPATH_SEARCH_PATHS = "$(inherited) @executable_path/Frameworks";
				PRODUCT_BUNDLE_IDENTIFIER = "com.madjaba.ashapps.Boozy-v2";
				PRODUCT_NAME = "$(TARGET_NAME)";
				SWIFT_VERSION = 4.0;
				TARGETED_DEVICE_FAMILY = "1,2";
			};
			name = Debug;
		};
		6E26A34F1F92D0E5008B6845 /* Release */ = {
			isa = XCBuildConfiguration;
			buildSettings = {
				ASSETCATALOG_COMPILER_APPICON_NAME = AppIcon;
				CODE_SIGN_STYLE = Automatic;
				DEVELOPMENT_TEAM = F869869292;
				INFOPLIST_FILE = "Boozy v2/Info.plist";
				LD_RUNPATH_SEARCH_PATHS = "$(inherited) @executable_path/Frameworks";
				PRODUCT_BUNDLE_IDENTIFIER = "com.madjaba.ashapps.Boozy-v2";
				PRODUCT_NAME = "$(TARGET_NAME)";
				SWIFT_VERSION = 4.0;
				TARGETED_DEVICE_FAMILY = "1,2";
			};
			name = Release;
		};
		6E26A3511F92D0E5008B6845 /* Debug */ = {
			isa = XCBuildConfiguration;
			buildSettings = {
				ALWAYS_EMBED_SWIFT_STANDARD_LIBRARIES = YES;
				BUNDLE_LOADER = "$(TEST_HOST)";
				CODE_SIGN_STYLE = Automatic;
				DEVELOPMENT_TEAM = F869869292;
				INFOPLIST_FILE = "Boozy v2Tests/Info.plist";
				LD_RUNPATH_SEARCH_PATHS = "$(inherited) @executable_path/Frameworks @loader_path/Frameworks";
				PRODUCT_BUNDLE_IDENTIFIER = "com.madjaba.ashapps.Boozy-v2Tests";
				PRODUCT_NAME = "$(TARGET_NAME)";
				SWIFT_VERSION = 4.0;
				TARGETED_DEVICE_FAMILY = "1,2";
				TEST_HOST = "$(BUILT_PRODUCTS_DIR)/Boozy v2.app/Boozy v2";
			};
			name = Debug;
		};
		6E26A3521F92D0E5008B6845 /* Release */ = {
			isa = XCBuildConfiguration;
			buildSettings = {
				ALWAYS_EMBED_SWIFT_STANDARD_LIBRARIES = YES;
				BUNDLE_LOADER = "$(TEST_HOST)";
				CODE_SIGN_STYLE = Automatic;
				DEVELOPMENT_TEAM = F869869292;
				INFOPLIST_FILE = "Boozy v2Tests/Info.plist";
				LD_RUNPATH_SEARCH_PATHS = "$(inherited) @executable_path/Frameworks @loader_path/Frameworks";
				PRODUCT_BUNDLE_IDENTIFIER = "com.madjaba.ashapps.Boozy-v2Tests";
				PRODUCT_NAME = "$(TARGET_NAME)";
				SWIFT_VERSION = 4.0;
				TARGETED_DEVICE_FAMILY = "1,2";
				TEST_HOST = "$(BUILT_PRODUCTS_DIR)/Boozy v2.app/Boozy v2";
			};
			name = Release;
		};
		6E26A3541F92D0E5008B6845 /* Debug */ = {
			isa = XCBuildConfiguration;
			buildSettings = {
				ALWAYS_EMBED_SWIFT_STANDARD_LIBRARIES = YES;
				CODE_SIGN_STYLE = Automatic;
				DEVELOPMENT_TEAM = F869869292;
				INFOPLIST_FILE = "Boozy v2UITests/Info.plist";
				LD_RUNPATH_SEARCH_PATHS = "$(inherited) @executable_path/Frameworks @loader_path/Frameworks";
				PRODUCT_BUNDLE_IDENTIFIER = "com.madjaba.ashapps.Boozy-v2UITests";
				PRODUCT_NAME = "$(TARGET_NAME)";
				SWIFT_VERSION = 4.0;
				TARGETED_DEVICE_FAMILY = "1,2";
				TEST_TARGET_NAME = "Boozy v2";
			};
			name = Debug;
		};
		6E26A3551F92D0E5008B6845 /* Release */ = {
			isa = XCBuildConfiguration;
			buildSettings = {
				ALWAYS_EMBED_SWIFT_STANDARD_LIBRARIES = YES;
				CODE_SIGN_STYLE = Automatic;
				DEVELOPMENT_TEAM = F869869292;
				INFOPLIST_FILE = "Boozy v2UITests/Info.plist";
				LD_RUNPATH_SEARCH_PATHS = "$(inherited) @executable_path/Frameworks @loader_path/Frameworks";
				PRODUCT_BUNDLE_IDENTIFIER = "com.madjaba.ashapps.Boozy-v2UITests";
				PRODUCT_NAME = "$(TARGET_NAME)";
				SWIFT_VERSION = 4.0;
				TARGETED_DEVICE_FAMILY = "1,2";
				TEST_TARGET_NAME = "Boozy v2";
			};
			name = Release;
		};
/* End XCBuildConfiguration section */

/* Begin XCConfigurationList section */
		6E26A2F61F92D0E5008B6845 /* Build configuration list for PBXProject "Boozy v2" */ = {
			isa = XCConfigurationList;
			buildConfigurations = (
				6E26A3431F92D0E5008B6845 /* Debug */,
				6E26A3441F92D0E5008B6845 /* Release */,
			);
			defaultConfigurationIsVisible = 0;
			defaultConfigurationName = Release;
		};
		6E26A3451F92D0E5008B6845 /* Build configuration list for PBXNativeTarget "Boozy v2 WatchKit Extension" */ = {
			isa = XCConfigurationList;
			buildConfigurations = (
				6E26A3461F92D0E5008B6845 /* Debug */,
				6E26A3471F92D0E5008B6845 /* Release */,
			);
			defaultConfigurationIsVisible = 0;
			defaultConfigurationName = Release;
		};
		6E26A3491F92D0E5008B6845 /* Build configuration list for PBXNativeTarget "Boozy v2 WatchKit App" */ = {
			isa = XCConfigurationList;
			buildConfigurations = (
				6E26A34A1F92D0E5008B6845 /* Debug */,
				6E26A34B1F92D0E5008B6845 /* Release */,
			);
			defaultConfigurationIsVisible = 0;
			defaultConfigurationName = Release;
		};
		6E26A34D1F92D0E5008B6845 /* Build configuration list for PBXNativeTarget "Boozy v2" */ = {
			isa = XCConfigurationList;
			buildConfigurations = (
				6E26A34E1F92D0E5008B6845 /* Debug */,
				6E26A34F1F92D0E5008B6845 /* Release */,
			);
			defaultConfigurationIsVisible = 0;
			defaultConfigurationName = Release;
		};
		6E26A3501F92D0E5008B6845 /* Build configuration list for PBXNativeTarget "Boozy v2Tests" */ = {
			isa = XCConfigurationList;
			buildConfigurations = (
				6E26A3511F92D0E5008B6845 /* Debug */,
				6E26A3521F92D0E5008B6845 /* Release */,
			);
			defaultConfigurationIsVisible = 0;
			defaultConfigurationName = Release;
		};
		6E26A3531F92D0E5008B6845 /* Build configuration list for PBXNativeTarget "Boozy v2UITests" */ = {
			isa = XCConfigurationList;
			buildConfigurations = (
				6E26A3541F92D0E5008B6845 /* Debug */,
				6E26A3551F92D0E5008B6845 /* Release */,
			);
			defaultConfigurationIsVisible = 0;
			defaultConfigurationName = Release;
		};
/* End XCConfigurationList section */
	};
	rootObject = 6E26A2F31F92D0E5008B6845 /* Project object */;
}
